<?xml version="1.0" encoding="utf-8"?>
<Project ToolsVersion="4.0" xmlns="http://schemas.microsoft.com/developer/msbuild/2003">
  <ItemGroup>
    <Filter Include="Source Files">
      <UniqueIdentifier>{4FC737F1-C7A5-4376-A066-2A32D752A2FF}</UniqueIdentifier>
      <Extensions>cpp;c;cc;cxx;def;odl;idl;hpj;bat;asm;asmx</Extensions>
    </Filter>
    <Filter Include="Header Files">
      <UniqueIdentifier>{93995380-89BD-4b04-88EB-625FBE52EBFB}</UniqueIdentifier>
      <Extensions>h;hh;hpp;hxx;hm;inl;inc;xsd</Extensions>
    </Filter>
    <Filter Include="Resource Files">
      <UniqueIdentifier>{67DA6AB6-F800-4c08-8B7A-83BB121AAD01}</UniqueIdentifier>
      <Extensions>rc;ico;cur;bmp;dlg;rc2;rct;bin;rgs;gif;jpg;jpeg;jpe;resx;tiff;tif;png;wav;mfcribbon-ms</Extensions>
    </Filter>
    <Filter Include="SGD_Wrappers">
      <UniqueIdentifier>{e0c1a9ad-c106-42d4-bb71-f68585f65eab}</UniqueIdentifier>
    </Filter>
    <Filter Include="SGD_Wrappers\Messages">
      <UniqueIdentifier>{c023f2e4-f801-4487-a1f4-1f009b65c8dc}</UniqueIdentifier>
    </Filter>
    <Filter Include="Game States">
      <UniqueIdentifier>{99c11253-f45b-4eb6-bd30-fd0ab7fbd71a}</UniqueIdentifier>
    </Filter>
  </ItemGroup>
  <ItemGroup>
    <ClCompile Include="WinMain.cpp">
      <Filter>Source Files</Filter>
    </ClCompile>
    <ClCompile Include="source\CGame.cpp">
      <Filter>Source Files</Filter>
    </ClCompile>
    <ClCompile Include="source\SGD Wrappers\CSGD_Direct3D.cpp">
      <Filter>SGD_Wrappers</Filter>
    </ClCompile>
    <ClCompile Include="source\SGD Wrappers\CSGD_DirectInput.cpp">
      <Filter>SGD_Wrappers</Filter>
    </ClCompile>
    <ClCompile Include="source\SGD Wrappers\CSGD_DirectSound.cpp">
      <Filter>SGD_Wrappers</Filter>
    </ClCompile>
    <ClCompile Include="source\SGD Wrappers\CSGD_TextureManager.cpp">
      <Filter>SGD_Wrappers</Filter>
    </ClCompile>
    <ClCompile Include="source\SGD Wrappers\CSGD_WaveManager.cpp">
      <Filter>SGD_Wrappers</Filter>
    </ClCompile>
    <ClCompile Include="source\SGD Wrappers\SGD_Math.cpp">
      <Filter>SGD_Wrappers</Filter>
    </ClCompile>
    <ClCompile Include="source\SGD Wrappers\Messaging\CSGD_EventSystem.cpp">
      <Filter>SGD_Wrappers\Messages</Filter>
    </ClCompile>
    <ClCompile Include="source\SGD Wrappers\Messaging\CSGD_MessageSystem.cpp">
      <Filter>SGD_Wrappers\Messages</Filter>
    </ClCompile>
    <ClCompile Include="source\game_states\c_main_menu_state.cpp">
      <Filter>Game States</Filter>
    </ClCompile>
  </ItemGroup>
  <ItemGroup>
    <ClInclude Include="source\CGame.h">
      <Filter>Header Files</Filter>
    </ClInclude>
    <ClInclude Include="source\IGameState.h">
      <Filter>Header Files</Filter>
    </ClInclude>
    <ClInclude Include="source\SGD Wrappers\CSGD_Direct3D.h">
      <Filter>SGD_Wrappers</Filter>
    </ClInclude>
    <ClInclude Include="source\SGD Wrappers\CSGD_DirectInput.h">
      <Filter>SGD_Wrappers</Filter>
    </ClInclude>
    <ClInclude Include="source\SGD Wrappers\CSGD_DirectSound.h">
      <Filter>SGD_Wrappers</Filter>
    </ClInclude>
    <ClInclude Include="source\SGD Wrappers\CSGD_TextureManager.h">
      <Filter>SGD_Wrappers</Filter>
    </ClInclude>
    <ClInclude Include="source\SGD Wrappers\CSGD_WaveManager.h">
      <Filter>SGD_Wrappers</Filter>
    </ClInclude>
    <ClInclude Include="source\SGD Wrappers\SGD_Math.h">
      <Filter>SGD_Wrappers</Filter>
    </ClInclude>
    <ClInclude Include="source\SGD Wrappers\SGD_Util.h">
      <Filter>SGD_Wrappers</Filter>
    </ClInclude>
    <ClInclude Include="source\SGD Wrappers\Messaging\CEvent.h">
      <Filter>SGD_Wrappers\Messages</Filter>
    </ClInclude>
    <ClInclude Include="source\SGD Wrappers\Messaging\CSGD_EventSystem.h">
      <Filter>SGD_Wrappers\Messages</Filter>
    </ClInclude>
    <ClInclude Include="source\SGD Wrappers\Messaging\CSGD_MessageSystem.h">
      <Filter>SGD_Wrappers\Messages</Filter>
    </ClInclude>
    <ClInclude Include="source\SGD Wrappers\Messaging\IListener.h">
      <Filter>SGD_Wrappers\Messages</Filter>
    </ClInclude>
    <ClInclude Include="source\SGD Wrappers\Messaging\Messages.h">
      <Filter>SGD_Wrappers\Messages</Filter>
    </ClInclude>
    <ClInclude Include="source\game_states\c_main_menu_state.h">
      <Filter>Game States</Filter>
    </ClInclude>
  </ItemGroup>
</Project>